{
  "lockfileVersion": "1",
  "dependencies": {
    "github.com/pstaszko/AHK-Notification": "branch:master"
  },
  "resolved": [
    {
      "name": "github.com/pstaszko/AHK-Notification",
      "version": "branch:master",
      "sha": "50573d540c9dd5aeb53e45dc00ce529ebacc284e",
      "installPath": "ahkpm-modules/github.com/pstaszko/AHK-Notification",
      "dependencies": {}
    }
  ]
}