{
  "lockfileVersion": "1",
  "dependencies": {
    "github.com/pstaszko/AHK-Notification": "branch:master"
  },
  "resolved": [
    {
      "name": "github.com/pstaszko/AHK-Notification",
      "version": "branch:master",
      "sha": "c0a70272b5aa0b5425e72f08a5b0c443d171e566",
      "installPath": "ahkpm-modules/github.com/pstaszko/AHK-Notification",
      "dependencies": {}
    }
  ]
}