{
  "lockfileVersion": "1",
  "dependencies": {
    "github.com/pstaszko/AHK-Notification": "branch:master"
  },
  "resolved": [
    {
      "name": "github.com/pstaszko/AHK-Notification",
      "version": "branch:master",
      "sha": "6db6d059e919e67b73a194877979be3b219f375b",
      "installPath": "ahkpm-modules/github.com/pstaszko/AHK-Notification",
      "dependencies": {}
    }
  ]
}